{
  "originHash" : "3aad408594e5c0a078a00705b065ea65b2778dd909a0dcbc2b70cbfa92c3cb79",
  "pins" : [
    {
      "identity" : "colorizer",
      "kind" : "remoteSourceControl",
      "location" : "https://github.com/getGuaka/Colorizer.git",
      "state" : {
        "revision" : "2ccc99bf1715e73c4139e8d40b6e6b30be975586",
        "version" : "0.2.1"
      }
    },
    {
      "identity" : "swift-argument-parser",
      "kind" : "remoteSourceControl",
      "location" : "https://github.com/apple/swift-argument-parser",
      "state" : {
        "revision" : "c5d11a805e765f52ba34ec7284bd4fcd6ba68615",
        "version" : "1.7.0"
      }
    },
    {
      "identity" : "swift-ejson",
      "kind" : "remoteSourceControl",
      "location" : "https://github.com/diogot/swift-ejson.git",
      "state" : {
        "revision" : "a4a14e1c4521e7bd97c0979a656291bcba9d0e8e",
        "version" : "1.2.2"
      }
    },
    {
      "identity" : "swift-pr-reporter",
      "kind" : "remoteSourceControl",
      "location" : "https://github.com/diogot/swift-pr-reporter.git",
      "state" : {
        "revision" : "dbf42eb1647f6d61b4ac4339f8ab57ca3dacfa60",
        "version" : "1.0.3"
      }
    },
    {
      "identity" : "swift-sodium",
      "kind" : "remoteSourceControl",
      "location" : "https://github.com/jedisct1/swift-sodium.git",
      "state" : {
        "revision" : "e7e799cd1eaa4d0f6d3eab56832e7f4b377f4a4f",
        "version" : "0.10.0"
      }
    },
    {
      "identity" : "swift-xcresult-parser",
      "kind" : "remoteSourceControl",
      "location" : "https://github.com/diogot/swift-xcresult-parser.git",
      "state" : {
        "revision" : "206e42f6f8da7f2a8f8615a5f3e0819beb6d3a6d",
        "version" : "1.0.5"
      }
    },
    {
      "identity" : "xcbeautify",
      "kind" : "remoteSourceControl",
      "location" : "https://github.com/cpisciotta/xcbeautify",
      "state" : {
        "revision" : "b7dd0fd2ce60e7e8b22830b171246688b624d228",
        "version" : "2.30.1"
      }
    },
    {
      "identity" : "xmlcoder",
      "kind" : "remoteSourceControl",
      "location" : "https://github.com/MaxDesiatov/XMLCoder.git",
      "state" : {
        "revision" : "5e1ada828d2618ecb79c974e03f79c8f4df90b71",
        "version" : "0.18.0"
      }
    },
    {
      "identity" : "yams",
      "kind" : "remoteSourceControl",
      "location" : "https://github.com/jpsim/Yams",
      "state" : {
        "revision" : "51b5127c7fb6ffac106ad6d199aaa33c5024895f",
        "version" : "6.2.0"
      }
    }
  ],
  "version" : 3
}
